
Microsoft Visual Studio Solution File, Format Version 12.00
# Visual Studio Version 16
VisualStudioVersion = 16.0.31205.134
MinimumVisualStudioVersion = 10.0.40219.1
Project("{FAE04EC0-301F-11D3-BF4B-00C04F79EFBC}") = "BinarySearch", "BinarySearch\BinarySearch.csproj", "{05E36396-5D52-4704-A6A7-8DBE1AAEADA5}"
EndProject
Global
	GlobalSection(SolutionConfigurationPlatforms) = preSolution
		Debug|Any CPU = Debug|Any CPU
		Release|Any CPU = Release|Any CPU
	EndGlobalSection
	GlobalSection(ProjectConfigurationPlatforms) = postSolution
		{05E36396-5D52-4704-A6A7-8DBE1AAEADA5}.Debug|Any CPU.ActiveCfg = Debug|Any CPU
		{05E36396-5D52-4704-A6A7-8DBE1AAEADA5}.Debug|Any CPU.Build.0 = Debug|Any CPU
		{05E36396-5D52-4704-A6A7-8DBE1AAEADA5}.Release|Any CPU.ActiveCfg = Release|Any CPU
		{05E36396-5D52-4704-A6A7-8DBE1AAEADA5}.Release|Any CPU.Build.0 = Release|Any CPU
	EndGlobalSection
	GlobalSection(SolutionProperties) = preSolution
		HideSolutionNode = FALSE
	EndGlobalSection
	GlobalSection(ExtensibilityGlobals) = postSolution
		SolutionGuid = {ABF76F4D-ABB8-464F-9826-0B939BF2539F}
	EndGlobalSection
EndGlobal
