
Microsoft Visual Studio Solution File, Format Version 12.00
# Visual Studio Version 16
VisualStudioVersion = 16.0.31205.134
MinimumVisualStudioVersion = 10.0.40219.1
Project("{FAE04EC0-301F-11D3-BF4B-00C04F79EFBC}") = "MergeSortAttemptDos", "MergeSortAttemptDos\MergeSortAttemptDos.csproj", "{D171889E-E48C-40FF-9936-41178A53725B}"
EndProject
Global
	GlobalSection(SolutionConfigurationPlatforms) = preSolution
		Debug|Any CPU = Debug|Any CPU
		Release|Any CPU = Release|Any CPU
	EndGlobalSection
	GlobalSection(ProjectConfigurationPlatforms) = postSolution
		{D171889E-E48C-40FF-9936-41178A53725B}.Debug|Any CPU.ActiveCfg = Debug|Any CPU
		{D171889E-E48C-40FF-9936-41178A53725B}.Debug|Any CPU.Build.0 = Debug|Any CPU
		{D171889E-E48C-40FF-9936-41178A53725B}.Release|Any CPU.ActiveCfg = Release|Any CPU
		{D171889E-E48C-40FF-9936-41178A53725B}.Release|Any CPU.Build.0 = Release|Any CPU
	EndGlobalSection
	GlobalSection(SolutionProperties) = preSolution
		HideSolutionNode = FALSE
	EndGlobalSection
	GlobalSection(ExtensibilityGlobals) = postSolution
		SolutionGuid = {900882D2-03C4-4211-9723-034D1D4D95AC}
	EndGlobalSection
EndGlobal
